
Microsoft Visual Studio Solution File, Format Version 12.00
# Visual Studio Version 17
VisualStudioVersion = 17.10.35027.167
MinimumVisualStudioVersion = 10.0.40219.1
Project("{FAE04EC0-301F-11D3-BF4B-00C04F79EFBC}") = "GoFreightShipmentAPI", "GoFreightShipmentAPI\GoFreightShipmentAPI.csproj", "{3A8431FD-7A6E-4C73-9363-F07227D5B61F}"
EndProject
Project("{FAE04EC0-301F-11D3-BF4B-00C04F79EFBC}") = "GoFreightRepository", "GoFreightRepository\GoFreightRepository.csproj", "{A914F0F9-6728-412E-8525-ECFE4379F71C}"
EndProject
Project("{FAE04EC0-301F-11D3-BF4B-00C04F79EFBC}") = "GoFreightHelpers", "GoFreightHelpers\GoFreightHelpers.csproj", "{A67EA994-2C50-41AC-AD20-5E43278167F2}"
EndProject
Project("{FAE04EC0-301F-11D3-BF4B-00C04F79EFBC}") = "Services", "Services\Services.csproj", "{6AB283FE-B193-496E-ABF2-4894CCD0B5EB}"
EndProject
Global
	GlobalSection(SolutionConfigurationPlatforms) = preSolution
		Debug|Any CPU = Debug|Any CPU
		Release|Any CPU = Release|Any CPU
	EndGlobalSection
	GlobalSection(ProjectConfigurationPlatforms) = postSolution
		{3A8431FD-7A6E-4C73-9363-F07227D5B61F}.Debug|Any CPU.ActiveCfg = Debug|Any CPU
		{3A8431FD-7A6E-4C73-9363-F07227D5B61F}.Debug|Any CPU.Build.0 = Debug|Any CPU
		{3A8431FD-7A6E-4C73-9363-F07227D5B61F}.Release|Any CPU.ActiveCfg = Release|Any CPU
		{3A8431FD-7A6E-4C73-9363-F07227D5B61F}.Release|Any CPU.Build.0 = Release|Any CPU
		{A914F0F9-6728-412E-8525-ECFE4379F71C}.Debug|Any CPU.ActiveCfg = Debug|Any CPU
		{A914F0F9-6728-412E-8525-ECFE4379F71C}.Debug|Any CPU.Build.0 = Debug|Any CPU
		{A914F0F9-6728-412E-8525-ECFE4379F71C}.Release|Any CPU.ActiveCfg = Release|Any CPU
		{A914F0F9-6728-412E-8525-ECFE4379F71C}.Release|Any CPU.Build.0 = Release|Any CPU
		{A67EA994-2C50-41AC-AD20-5E43278167F2}.Debug|Any CPU.ActiveCfg = Debug|Any CPU
		{A67EA994-2C50-41AC-AD20-5E43278167F2}.Debug|Any CPU.Build.0 = Debug|Any CPU
		{A67EA994-2C50-41AC-AD20-5E43278167F2}.Release|Any CPU.ActiveCfg = Release|Any CPU
		{A67EA994-2C50-41AC-AD20-5E43278167F2}.Release|Any CPU.Build.0 = Release|Any CPU
		{6AB283FE-B193-496E-ABF2-4894CCD0B5EB}.Debug|Any CPU.ActiveCfg = Debug|Any CPU
		{6AB283FE-B193-496E-ABF2-4894CCD0B5EB}.Debug|Any CPU.Build.0 = Debug|Any CPU
		{6AB283FE-B193-496E-ABF2-4894CCD0B5EB}.Release|Any CPU.ActiveCfg = Release|Any CPU
		{6AB283FE-B193-496E-ABF2-4894CCD0B5EB}.Release|Any CPU.Build.0 = Release|Any CPU
	EndGlobalSection
	GlobalSection(SolutionProperties) = preSolution
		HideSolutionNode = FALSE
	EndGlobalSection
	GlobalSection(ExtensibilityGlobals) = postSolution
		SolutionGuid = {C721CF72-2526-4CF0-B7BB-9904E99516AD}
	EndGlobalSection
EndGlobal
